
Microsoft Visual Studio Solution File, Format Version 12.00
# Visual Studio 15
VisualStudioVersion = 15.0.27130.2003
MinimumVisualStudioVersion = 10.0.40219.1
Project("{FAE04EC0-301F-11D3-BF4B-00C04F79EFBC}") = "AvalonDock.Theme.MahappsMaterialDesign", "AvalonDock.Theme.MahappsMaterialDesign\AvalonDock.Theme.MahappsMaterialDesign.csproj", "{C95C280A-7B19-4E19-8569-245E0544A526}"
EndProject
Project("{FAE04EC0-301F-11D3-BF4B-00C04F79EFBC}") = "AvalonDock.Theme.Mahapps", "AvalonDock.Theme.Mahapps\AvalonDock.Theme.Mahapps.csproj", "{545A4023-DD47-4EBB-BF38-9BF3A3ED1945}"
EndProject
Global
	GlobalSection(SolutionConfigurationPlatforms) = preSolution
		Debug|Any CPU = Debug|Any CPU
		Release|Any CPU = Release|Any CPU
	EndGlobalSection
	GlobalSection(ProjectConfigurationPlatforms) = postSolution
		{C95C280A-7B19-4E19-8569-245E0544A526}.Debug|Any CPU.ActiveCfg = Debug|Any CPU
		{C95C280A-7B19-4E19-8569-245E0544A526}.Debug|Any CPU.Build.0 = Debug|Any CPU
		{C95C280A-7B19-4E19-8569-245E0544A526}.Release|Any CPU.ActiveCfg = Release|Any CPU
		{C95C280A-7B19-4E19-8569-245E0544A526}.Release|Any CPU.Build.0 = Release|Any CPU
		{545A4023-DD47-4EBB-BF38-9BF3A3ED1945}.Debug|Any CPU.ActiveCfg = Debug|Any CPU
		{545A4023-DD47-4EBB-BF38-9BF3A3ED1945}.Debug|Any CPU.Build.0 = Debug|Any CPU
		{545A4023-DD47-4EBB-BF38-9BF3A3ED1945}.Release|Any CPU.ActiveCfg = Release|Any CPU
		{545A4023-DD47-4EBB-BF38-9BF3A3ED1945}.Release|Any CPU.Build.0 = Release|Any CPU
	EndGlobalSection
	GlobalSection(SolutionProperties) = preSolution
		HideSolutionNode = FALSE
	EndGlobalSection
	GlobalSection(ExtensibilityGlobals) = postSolution
		SolutionGuid = {6A4D7A1E-49AD-4F80-81AB-E8A551D321B6}
	EndGlobalSection
EndGlobal
